// !$*UTF8*$!
{
	archiveVersion = 1;
	classes = {
	};
	objectVersion = 46;
	objects = {

/* Begin PBXBuildFile section */
		58C2EC3E1A2F223100583CDE /* WKCloseButton.m in Sources */ = {isa = PBXBuildFile; fileRef = 58C2EC3D1A2F223100583CDE /* WKCloseButton.m */; };
		68A1CF27184CD0DB00346DF8 /* README.md in Resources */ = {isa = PBXBuildFile; fileRef = 68A1CF26184CD0DB00346DF8 /* README.md */; };
		68BDCE7C18432CCA00DB81A2 /* WKPagesCollectionView.m in Sources */ = {isa = PBXBuildFile; fileRef = 68BDCE7718432CCA00DB81A2 /* WKPagesCollectionView.m */; };
		68BDCE7D18432CCA00DB81A2 /* WKPagesCollectionViewCell.m in Sources */ = {isa = PBXBuildFile; fileRef = 68BDCE7918432CCA00DB81A2 /* WKPagesCollectionViewCell.m */; };
		68BDCE7E18432CCA00DB81A2 /* WKPagesCollectionViewFlowLayout.m in Sources */ = {isa = PBXBuildFile; fileRef = 68BDCE7B18432CCA00DB81A2 /* WKPagesCollectionViewFlowLayout.m */; };
		68D7C1D318347A08006B418C /* Foundation.framework in Frameworks */ = {isa = PBXBuildFile; fileRef = 68D7C1D218347A08006B418C /* Foundation.framework */; };
		68D7C1D518347A08006B418C /* CoreGraphics.framework in Frameworks */ = {isa = PBXBuildFile; fileRef = 68D7C1D418347A08006B418C /* CoreGraphics.framework */; };
		68D7C1D718347A08006B418C /* UIKit.framework in Frameworks */ = {isa = PBXBuildFile; fileRef = 68D7C1D618347A08006B418C /* UIKit.framework */; };
		68D7C1DD18347A08006B418C /* InfoPlist.strings in Resources */ = {isa = PBXBuildFile; fileRef = 68D7C1DB18347A08006B418C /* InfoPlist.strings */; };
		68D7C1DF18347A08006B418C /* main.m in Sources */ = {isa = PBXBuildFile; fileRef = 68D7C1DE18347A08006B418C /* main.m */; };
		68D7C1E318347A08006B418C /* AppDelegate.m in Sources */ = {isa = PBXBuildFile; fileRef = 68D7C1E218347A08006B418C /* AppDelegate.m */; };
		68D7C1E618347A08006B418C /* Main.storyboard in Resources */ = {isa = PBXBuildFile; fileRef = 68D7C1E418347A08006B418C /* Main.storyboard */; };
		68D7C1E918347A08006B418C /* ViewController.m in Sources */ = {isa = PBXBuildFile; fileRef = 68D7C1E818347A08006B418C /* ViewController.m */; };
		68D7C1EB18347A08006B418C /* Images.xcassets in Resources */ = {isa = PBXBuildFile; fileRef = 68D7C1EA18347A08006B418C /* Images.xcassets */; };
		68D7C20E18349B4C006B418C /* QuartzCore.framework in Frameworks */ = {isa = PBXBuildFile; fileRef = 68D7C20D18349B4C006B418C /* QuartzCore.framework */; };
/* End PBXBuildFile section */

/* Begin PBXFileReference section */
		58C2EC3C1A2F223100583CDE /* WKCloseButton.h */ = {isa = PBXFileReference; fileEncoding = 4; lastKnownFileType = sourcecode.c.h; path = WKCloseButton.h; sourceTree = "<group>"; };
		58C2EC3D1A2F223100583CDE /* WKCloseButton.m */ = {isa = PBXFileReference; fileEncoding = 4; lastKnownFileType = sourcecode.c.objc; path = WKCloseButton.m; sourceTree = "<group>"; };
		68A1CF26184CD0DB00346DF8 /* README.md */ = {isa = PBXFileReference; fileEncoding = 4; lastKnownFileType = text; path = README.md; sourceTree = SOURCE_ROOT; };
		68BDCE7518432CCA00DB81A2 /* WK.h */ = {isa = PBXFileReference; fileEncoding = 4; lastKnownFileType = sourcecode.c.h; path = WK.h; sourceTree = "<group>"; };
		68BDCE7618432CCA00DB81A2 /* WKPagesCollectionView.h */ = {isa = PBXFileReference; fileEncoding = 4; lastKnownFileType = sourcecode.c.h; path = WKPagesCollectionView.h; sourceTree = "<group>"; };
		68BDCE7718432CCA00DB81A2 /* WKPagesCollectionView.m */ = {isa = PBXFileReference; fileEncoding = 4; lastKnownFileType = sourcecode.c.objc; path = WKPagesCollectionView.m; sourceTree = "<group>"; };
		68BDCE7818432CCA00DB81A2 /* WKPagesCollectionViewCell.h */ = {isa = PBXFileReference; fileEncoding = 4; lastKnownFileType = sourcecode.c.h; path = WKPagesCollectionViewCell.h; sourceTree = "<group>"; };
		68BDCE7918432CCA00DB81A2 /* WKPagesCollectionViewCell.m */ = {isa = PBXFileReference; fileEncoding = 4; lastKnownFileType = sourcecode.c.objc; path = WKPagesCollectionViewCell.m; sourceTree = "<group>"; };
		68BDCE7A18432CCA00DB81A2 /* WKPagesCollectionViewFlowLayout.h */ = {isa = PBXFileReference; fileEncoding = 4; lastKnownFileType = sourcecode.c.h; path = WKPagesCollectionViewFlowLayout.h; sourceTree = "<group>"; };
		68BDCE7B18432CCA00DB81A2 /* WKPagesCollectionViewFlowLayout.m */ = {isa = PBXFileReference; fileEncoding = 4; lastKnownFileType = sourcecode.c.objc; path = WKPagesCollectionViewFlowLayout.m; sourceTree = "<group>"; };
		68D7C1CF18347A08006B418C /* WKPagesCollectionView.app */ = {isa = PBXFileReference; explicitFileType = wrapper.application; includeInIndex = 0; path = WKPagesCollectionView.app; sourceTree = BUILT_PRODUCTS_DIR; };
		68D7C1D218347A08006B418C /* Foundation.framework */ = {isa = PBXFileReference; lastKnownFileType = wrapper.framework; name = Foundation.framework; path = System/Library/Frameworks/Foundation.framework; sourceTree = SDKROOT; };
		68D7C1D418347A08006B418C /* CoreGraphics.framework */ = {isa = PBXFileReference; lastKnownFileType = wrapper.framework; name = CoreGraphics.framework; path = System/Library/Frameworks/CoreGraphics.framework; sourceTree = SDKROOT; };
		68D7C1D618347A08006B418C /* UIKit.framework */ = {isa = PBXFileReference; lastKnownFileType = wrapper.framework; name = UIKit.framework; path = System/Library/Frameworks/UIKit.framework; sourceTree = SDKROOT; };
		68D7C1DA18347A08006B418C /* WKPagesCollectionView-Info.plist */ = {isa = PBXFileReference; lastKnownFileType = text.plist.xml; path = "WKPagesCollectionView-Info.plist"; sourceTree = "<group>"; };
		68D7C1DC18347A08006B418C /* en */ = {isa = PBXFileReference; lastKnownFileType = text.plist.strings; name = en; path = en.lproj/InfoPlist.strings; sourceTree = "<group>"; };
		68D7C1DE18347A08006B418C /* main.m */ = {isa = PBXFileReference; lastKnownFileType = sourcecode.c.objc; path = main.m; sourceTree = "<group>"; };
		68D7C1E018347A08006B418C /* WKPagesCollectionView-Prefix.pch */ = {isa = PBXFileReference; lastKnownFileType = sourcecode.c.h; path = "WKPagesCollectionView-Prefix.pch"; sourceTree = "<group>"; };
		68D7C1E118347A08006B418C /* AppDelegate.h */ = {isa = PBXFileReference; lastKnownFileType = sourcecode.c.h; path = AppDelegate.h; sourceTree = "<group>"; };
		68D7C1E218347A08006B418C /* AppDelegate.m */ = {isa = PBXFileReference; lastKnownFileType = sourcecode.c.objc; path = AppDelegate.m; sourceTree = "<group>"; };
		68D7C1E518347A08006B418C /* Base */ = {isa = PBXFileReference; lastKnownFileType = file.storyboard; name = Base; path = Base.lproj/Main.storyboard; sourceTree = "<group>"; };
		68D7C1E718347A08006B418C /* ViewController.h */ = {isa = PBXFileReference; lastKnownFileType = sourcecode.c.h; path = ViewController.h; sourceTree = "<group>"; };
		68D7C1E818347A08006B418C /* ViewController.m */ = {isa = PBXFileReference; lastKnownFileType = sourcecode.c.objc; path = ViewController.m; sourceTree = "<group>"; };
		68D7C1EA18347A08006B418C /* Images.xcassets */ = {isa = PBXFileReference; lastKnownFileType = folder.assetcatalog; path = Images.xcassets; sourceTree = "<group>"; };
		68D7C1F118347A08006B418C /* XCTest.framework */ = {isa = PBXFileReference; lastKnownFileType = wrapper.framework; name = XCTest.framework; path = Library/Frameworks/XCTest.framework; sourceTree = DEVELOPER_DIR; };
		68D7C20D18349B4C006B418C /* QuartzCore.framework */ = {isa = PBXFileReference; lastKnownFileType = wrapper.framework; name = QuartzCore.framework; path = System/Library/Frameworks/QuartzCore.framework; sourceTree = SDKROOT; };
/* End PBXFileReference section */

/* Begin PBXFrameworksBuildPhase section */
		68D7C1CC18347A08006B418C /* Frameworks */ = {
			isa = PBXFrameworksBuildPhase;
			buildActionMask = 2147483647;
			files = (
				68D7C20E18349B4C006B418C /* QuartzCore.framework in Frameworks */,
				68D7C1D518347A08006B418C /* CoreGraphics.framework in Frameworks */,
				68D7C1D718347A08006B418C /* UIKit.framework in Frameworks */,
				68D7C1D318347A08006B418C /* Foundation.framework in Frameworks */,
			);
			runOnlyForDeploymentPostprocessing = 0;
		};
/* End PBXFrameworksBuildPhase section */

/* Begin PBXGroup section */
		68BDCE7418432CCA00DB81A2 /* WKPagesCollectionView */ = {
			isa = PBXGroup;
			children = (
				68BDCE7518432CCA00DB81A2 /* WK.h */,
				68BDCE7618432CCA00DB81A2 /* WKPagesCollectionView.h */,
				68BDCE7718432CCA00DB81A2 /* WKPagesCollectionView.m */,
				68BDCE7818432CCA00DB81A2 /* WKPagesCollectionViewCell.h */,
				68BDCE7918432CCA00DB81A2 /* WKPagesCollectionViewCell.m */,
				68BDCE7A18432CCA00DB81A2 /* WKPagesCollectionViewFlowLayout.h */,
				68BDCE7B18432CCA00DB81A2 /* WKPagesCollectionViewFlowLayout.m */,
				58C2EC3C1A2F223100583CDE /* WKCloseButton.h */,
				58C2EC3D1A2F223100583CDE /* WKCloseButton.m */,
			);
			path = WKPagesCollectionView;
			sourceTree = "<group>";
		};
		68D7C1C618347A08006B418C = {
			isa = PBXGroup;
			children = (
				68D7C1D818347A08006B418C /* WKPagesCollectionView */,
				68D7C1D118347A08006B418C /* Frameworks */,
				68D7C1D018347A08006B418C /* Products */,
			);
			sourceTree = "<group>";
		};
		68D7C1D018347A08006B418C /* Products */ = {
			isa = PBXGroup;
			children = (
				68D7C1CF18347A08006B418C /* WKPagesCollectionView.app */,
			);
			name = Products;
			sourceTree = "<group>";
		};
		68D7C1D118347A08006B418C /* Frameworks */ = {
			isa = PBXGroup;
			children = (
				68D7C20D18349B4C006B418C /* QuartzCore.framework */,
				68D7C1D218347A08006B418C /* Foundation.framework */,
				68D7C1D418347A08006B418C /* CoreGraphics.framework */,
				68D7C1D618347A08006B418C /* UIKit.framework */,
				68D7C1F118347A08006B418C /* XCTest.framework */,
			);
			name = Frameworks;
			sourceTree = "<group>";
		};
		68D7C1D818347A08006B418C /* WKPagesCollectionView */ = {
			isa = PBXGroup;
			children = (
				68A1CF26184CD0DB00346DF8 /* README.md */,
				68D7C1E118347A08006B418C /* AppDelegate.h */,
				68D7C1E218347A08006B418C /* AppDelegate.m */,
				68D7C1E418347A08006B418C /* Main.storyboard */,
				68D7C1E718347A08006B418C /* ViewController.h */,
				68D7C1E818347A08006B418C /* ViewController.m */,
				68D7C1EA18347A08006B418C /* Images.xcassets */,
				68D7C1D918347A08006B418C /* Supporting Files */,
				68BDCE7418432CCA00DB81A2 /* WKPagesCollectionView */,
			);
			name = WKPagesCollectionView;
			path = WKPagesScrollView;
			sourceTree = "<group>";
		};
		68D7C1D918347A08006B418C /* Supporting Files */ = {
			isa = PBXGroup;
			children = (
				68D7C1DA18347A08006B418C /* WKPagesCollectionView-Info.plist */,
				68D7C1DB18347A08006B418C /* InfoPlist.strings */,
				68D7C1DE18347A08006B418C /* main.m */,
				68D7C1E018347A08006B418C /* WKPagesCollectionView-Prefix.pch */,
			);
			name = "Supporting Files";
			sourceTree = "<group>";
		};
/* End PBXGroup section */

/* Begin PBXNativeTarget section */
		68D7C1CE18347A08006B418C /* WKPagesCollectionView */ = {
			isa = PBXNativeTarget;
			buildConfigurationList = 68D7C20118347A08006B418C /* Build configuration list for PBXNativeTarget "WKPagesCollectionView" */;
			buildPhases = (
				68D7C1CB18347A08006B418C /* Sources */,
				68D7C1CC18347A08006B418C /* Frameworks */,
				68D7C1CD18347A08006B418C /* Resources */,
			);
			buildRules = (
			);
			dependencies = (
			);
			name = WKPagesCollectionView;
			productName = WKPagesScrollView;
			productReference = 68D7C1CF18347A08006B418C /* WKPagesCollectionView.app */;
			productType = "com.apple.product-type.application";
		};
/* End PBXNativeTarget section */

/* Begin PBXProject section */
		68D7C1C718347A08006B418C /* Project object */ = {
			isa = PBXProject;
			attributes = {
				LastUpgradeCheck = 0610;
				ORGANIZATIONNAME = "秦 道平";
			};
			buildConfigurationList = 68D7C1CA18347A08006B418C /* Build configuration list for PBXProject "WKPagesCollectionView" */;
			compatibilityVersion = "Xcode 3.2";
			developmentRegion = English;
			hasScannedForEncodings = 0;
			knownRegions = (
				en,
				Base,
			);
			mainGroup = 68D7C1C618347A08006B418C;
			productRefGroup = 68D7C1D018347A08006B418C /* Products */;
			projectDirPath = "";
			projectRoot = "";
			targets = (
				68D7C1CE18347A08006B418C /* WKPagesCollectionView */,
			);
		};
/* End PBXProject section */

/* Begin PBXResourcesBuildPhase section */
		68D7C1CD18347A08006B418C /* Resources */ = {
			isa = PBXResourcesBuildPhase;
			buildActionMask = 2147483647;
			files = (
				68D7C1EB18347A08006B418C /* Images.xcassets in Resources */,
				68D7C1DD18347A08006B418C /* InfoPlist.strings in Resources */,
				68A1CF27184CD0DB00346DF8 /* README.md in Resources */,
				68D7C1E618347A08006B418C /* Main.storyboard in Resources */,
			);
			runOnlyForDeploymentPostprocessing = 0;
		};
/* End PBXResourcesBuildPhase section */

/* Begin PBXSourcesBuildPhase section */
		68D7C1CB18347A08006B418C /* Sources */ = {
			isa = PBXSourcesBuildPhase;
			buildActionMask = 2147483647;
			files = (
				68D7C1E918347A08006B418C /* ViewController.m in Sources */,
				68D7C1E318347A08006B418C /* AppDelegate.m in Sources */,
				68BDCE7C18432CCA00DB81A2 /* WKPagesCollectionView.m in Sources */,
				58C2EC3E1A2F223100583CDE /* WKCloseButton.m in Sources */,
				68D7C1DF18347A08006B418C /* main.m in Sources */,
				68BDCE7E18432CCA00DB81A2 /* WKPagesCollectionViewFlowLayout.m in Sources */,
				68BDCE7D18432CCA00DB81A2 /* WKPagesCollectionViewCell.m in Sources */,
			);
			runOnlyForDeploymentPostprocessing = 0;
		};
/* End PBXSourcesBuildPhase section */

/* Begin PBXVariantGroup section */
		68D7C1DB18347A08006B418C /* InfoPlist.strings */ = {
			isa = PBXVariantGroup;
			children = (
				68D7C1DC18347A08006B418C /* en */,
			);
			name = InfoPlist.strings;
			sourceTree = "<group>";
		};
		68D7C1E418347A08006B418C /* Main.storyboard */ = {
			isa = PBXVariantGroup;
			children = (
				68D7C1E518347A08006B418C /* Base */,
			);
			name = Main.storyboard;
			sourceTree = "<group>";
		};
/* End PBXVariantGroup section */

/* Begin XCBuildConfiguration section */
		68D7C1FF18347A08006B418C /* Debug */ = {
			isa = XCBuildConfiguration;
			buildSettings = {
				ALWAYS_SEARCH_USER_PATHS = NO;
				CLANG_CXX_LANGUAGE_STANDARD = "gnu++0x";
				CLANG_CXX_LIBRARY = "libc++";
				CLANG_ENABLE_MODULES = YES;
				CLANG_ENABLE_OBJC_ARC = YES;
				CLANG_WARN_BOOL_CONVERSION = YES;
				CLANG_WARN_CONSTANT_CONVERSION = YES;
				CLANG_WARN_DIRECT_OBJC_ISA_USAGE = YES_ERROR;
				CLANG_WARN_EMPTY_BODY = YES;
				CLANG_WARN_ENUM_CONVERSION = YES;
				CLANG_WARN_INT_CONVERSION = YES;
				CLANG_WARN_OBJC_ROOT_CLASS = YES_ERROR;
				CLANG_WARN__DUPLICATE_METHOD_MATCH = YES;
				"CODE_SIGN_IDENTITY[sdk=iphoneos*]" = "iPhone Developer";
				COPY_PHASE_STRIP = NO;
				GCC_C_LANGUAGE_STANDARD = gnu99;
				GCC_DYNAMIC_NO_PIC = NO;
				GCC_OPTIMIZATION_LEVEL = 0;
				GCC_PREPROCESSOR_DEFINITIONS = (
					"DEBUG=1",
					"$(inherited)",
				);
				GCC_SYMBOLS_PRIVATE_EXTERN = NO;
				GCC_WARN_64_TO_32_BIT_CONVERSION = YES;
				GCC_WARN_ABOUT_RETURN_TYPE = YES_ERROR;
				GCC_WARN_UNDECLARED_SELECTOR = YES;
				GCC_WARN_UNINITIALIZED_AUTOS = YES;
				GCC_WARN_UNUSED_FUNCTION = YES;
				GCC_WARN_UNUSED_VARIABLE = YES;
				IPHONEOS_DEPLOYMENT_TARGET = 7.0;
				ONLY_ACTIVE_ARCH = YES;
				SDKROOT = iphoneos;
			};
			name = Debug;
		};
		68D7C20018347A08006B418C /* Release */ = {
			isa = XCBuildConfiguration;
			buildSettings = {
				ALWAYS_SEARCH_USER_PATHS = NO;
				CLANG_CXX_LANGUAGE_STANDARD = "gnu++0x";
				CLANG_CXX_LIBRARY = "libc++";
				CLANG_ENABLE_MODULES = YES;
				CLANG_ENABLE_OBJC_ARC = YES;
				CLANG_WARN_BOOL_CONVERSION = YES;
				CLANG_WARN_CONSTANT_CONVERSION = YES;
				CLANG_WARN_DIRECT_OBJC_ISA_USAGE = YES_ERROR;
				CLANG_WARN_EMPTY_BODY = YES;
				CLANG_WARN_ENUM_CONVERSION = YES;
				CLANG_WARN_INT_CONVERSION = YES;
				CLANG_WARN_OBJC_ROOT_CLASS = YES_ERROR;
				CLANG_WARN__DUPLICATE_METHOD_MATCH = YES;
				"CODE_SIGN_IDENTITY[sdk=iphoneos*]" = "iPhone Developer";
				COPY_PHASE_STRIP = YES;
				ENABLE_NS_ASSERTIONS = NO;
				GCC_C_LANGUAGE_STANDARD = gnu99;
				GCC_WARN_64_TO_32_BIT_CONVERSION = YES;
				GCC_WARN_ABOUT_RETURN_TYPE = YES_ERROR;
				GCC_WARN_UNDECLARED_SELECTOR = YES;
				GCC_WARN_UNINITIALIZED_AUTOS = YES;
				GCC_WARN_UNUSED_FUNCTION = YES;
				GCC_WARN_UNUSED_VARIABLE = YES;
				IPHONEOS_DEPLOYMENT_TARGET = 7.0;
				SDKROOT = iphoneos;
				VALIDATE_PRODUCT = YES;
			};
			name = Release;
		};
		68D7C20218347A08006B418C /* Debug */ = {
			isa = XCBuildConfiguration;
			buildSettings = {
				ASSETCATALOG_COMPILER_APPICON_NAME = AppIcon;
				ASSETCATALOG_COMPILER_LAUNCHIMAGE_NAME = LaunchImage;
				CLANG_ENABLE_OBJC_ARC = YES;
				GCC_PRECOMPILE_PREFIX_HEADER = YES;
				GCC_PREFIX_HEADER = "WKPagesScrollView/WKPagesCollectionView-Prefix.pch";
				INFOPLIST_FILE = "WKPagesScrollView/WKPagesCollectionView-Info.plist";
				PRODUCT_NAME = WKPagesCollectionView;
				WRAPPER_EXTENSION = app;
			};
			name = Debug;
		};
		68D7C20318347A08006B418C /* Release */ = {
			isa = XCBuildConfiguration;
			buildSettings = {
				ASSETCATALOG_COMPILER_APPICON_NAME = AppIcon;
				ASSETCATALOG_COMPILER_LAUNCHIMAGE_NAME = LaunchImage;
				CLANG_ENABLE_OBJC_ARC = YES;
				GCC_PRECOMPILE_PREFIX_HEADER = YES;
				GCC_PREFIX_HEADER = "WKPagesScrollView/WKPagesCollectionView-Prefix.pch";
				INFOPLIST_FILE = "WKPagesScrollView/WKPagesCollectionView-Info.plist";
				PRODUCT_NAME = WKPagesCollectionView;
				WRAPPER_EXTENSION = app;
			};
			name = Release;
		};
/* End XCBuildConfiguration section */

/* Begin XCConfigurationList section */
		68D7C1CA18347A08006B418C /* Build configuration list for PBXProject "WKPagesCollectionView" */ = {
			isa = XCConfigurationList;
			buildConfigurations = (
				68D7C1FF18347A08006B418C /* Debug */,
				68D7C20018347A08006B418C /* Release */,
			);
			defaultConfigurationIsVisible = 0;
			defaultConfigurationName = Release;
		};
		68D7C20118347A08006B418C /* Build configuration list for PBXNativeTarget "WKPagesCollectionView" */ = {
			isa = XCConfigurationList;
			buildConfigurations = (
				68D7C20218347A08006B418C /* Debug */,
				68D7C20318347A08006B418C /* Release */,
			);
			defaultConfigurationIsVisible = 0;
			defaultConfigurationName = Release;
		};
/* End XCConfigurationList section */
	};
	rootObject = 68D7C1C718347A08006B418C /* Project object */;
}
